<Solution>
  <Folder Name="/Solution Items/">
    <File Path=".github/workflows/azure-deploy.yml" />
  </Folder>
  <Folder Name="/src/" />
  <Folder Name="/src/Services/" />
  <Folder Name="/src/Services/Infomatrix.Core/" />
  <Folder Name="/src/Services/Infomatrix.Core/Infomatrix.Core.Api/">
    <Project Path="src/Services/Infomatrix.Core/Infomatrix.Core.Api/Infomatrix.Api.csproj" />
  </Folder>
</Solution>
